
Microsoft Visual Studio Solution File, Format Version 12.00
# Visual Studio Version 16
VisualStudioVersion = 16.0.32002.261
MinimumVisualStudioVersion = 10.0.40219.1
Project("{FAE04EC0-301F-11D3-BF4B-00C04F79EFBC}") = "TakeHomeTest", "TakeHomeTest.csproj", "{5390BB6D-40C8-400F-92E9-9198CAEEC546}"
EndProject
Global
	GlobalSection(SolutionConfigurationPlatforms) = preSolution
		Debug|Any CPU = Debug|Any CPU
		Release|Any CPU = Release|Any CPU
	EndGlobalSection
	GlobalSection(ProjectConfigurationPlatforms) = postSolution
		{5390BB6D-40C8-400F-92E9-9198CAEEC546}.Debug|Any CPU.ActiveCfg = Debug|Any CPU
		{5390BB6D-40C8-400F-92E9-9198CAEEC546}.Debug|Any CPU.Build.0 = Debug|Any CPU
		{5390BB6D-40C8-400F-92E9-9198CAEEC546}.Release|Any CPU.ActiveCfg = Release|Any CPU
		{5390BB6D-40C8-400F-92E9-9198CAEEC546}.Release|Any CPU.Build.0 = Release|Any CPU
	EndGlobalSection
	GlobalSection(SolutionProperties) = preSolution
		HideSolutionNode = FALSE
	EndGlobalSection
	GlobalSection(ExtensibilityGlobals) = postSolution
		SolutionGuid = {8A87E601-B9A4-4274-B53D-3C33805585E3}
	EndGlobalSection
EndGlobal
